// !$*UTF8*$!
{
	archiveVersion = 1;
	classes = {
	};
	objectVersion = 46;
	objects = {

/* Begin PBXBuildFile section */
		00AE67BE1C3A4A1B002F9085 /* main.m in Sources */ = {isa = PBXBuildFile; fileRef = 00AE67BD1C3A4A1B002F9085 /* main.m */; };
		00AE67C11C3A4A1B002F9085 /* AppDelegate.m in Sources */ = {isa = PBXBuildFile; fileRef = 00AE67C01C3A4A1B002F9085 /* AppDelegate.m */; };
		00AE67C31C3A4A1B002F9085 /* Assets.xcassets in Resources */ = {isa = PBXBuildFile; fileRef = 00AE67C21C3A4A1B002F9085 /* Assets.xcassets */; };
		00AE67C61C3A4A1B002F9085 /* LaunchScreen.storyboard in Resources */ = {isa = PBXBuildFile; fileRef = 00AE67C41C3A4A1B002F9085 /* LaunchScreen.storyboard */; };
		00AE67D11C3A4A1B002F9085 /* MobilePhoneSchoolTests.m in Sources */ = {isa = PBXBuildFile; fileRef = 00AE67D01C3A4A1B002F9085 /* MobilePhoneSchoolTests.m */; };
		00AE67DC1C3A4A1B002F9085 /* MobilePhoneSchoolUITests.m in Sources */ = {isa = PBXBuildFile; fileRef = 00AE67DB1C3A4A1B002F9085 /* MobilePhoneSchoolUITests.m */; };
/* End PBXBuildFile section */

/* Begin PBXContainerItemProxy section */
		00AE67CD1C3A4A1B002F9085 /* PBXContainerItemProxy */ = {
			isa = PBXContainerItemProxy;
			containerPortal = 00AE67B11C3A4A1B002F9085 /* Project object */;
			proxyType = 1;
			remoteGlobalIDString = 00AE67B81C3A4A1B002F9085;
			remoteInfo = MobilePhoneSchool;
		};
		00AE67D81C3A4A1B002F9085 /* PBXContainerItemProxy */ = {
			isa = PBXContainerItemProxy;
			containerPortal = 00AE67B11C3A4A1B002F9085 /* Project object */;
			proxyType = 1;
			remoteGlobalIDString = 00AE67B81C3A4A1B002F9085;
			remoteInfo = MobilePhoneSchool;
		};
/* End PBXContainerItemProxy section */

/* Begin PBXFileReference section */
		00AE67B91C3A4A1B002F9085 /* MobilePhoneSchool.app */ = {isa = PBXFileReference; explicitFileType = wrapper.application; includeInIndex = 0; path = MobilePhoneSchool.app; sourceTree = BUILT_PRODUCTS_DIR; };
		00AE67BD1C3A4A1B002F9085 /* main.m */ = {isa = PBXFileReference; lastKnownFileType = sourcecode.c.objc; path = main.m; sourceTree = "<group>"; };
		00AE67BF1C3A4A1B002F9085 /* AppDelegate.h */ = {isa = PBXFileReference; lastKnownFileType = sourcecode.c.h; path = AppDelegate.h; sourceTree = "<group>"; };
		00AE67C01C3A4A1B002F9085 /* AppDelegate.m */ = {isa = PBXFileReference; lastKnownFileType = sourcecode.c.objc; path = AppDelegate.m; sourceTree = "<group>"; };
		00AE67C21C3A4A1B002F9085 /* Assets.xcassets */ = {isa = PBXFileReference; lastKnownFileType = folder.assetcatalog; path = Assets.xcassets; sourceTree = "<group>"; };
		00AE67C51C3A4A1B002F9085 /* Base */ = {isa = PBXFileReference; lastKnownFileType = file.storyboard; name = Base; path = Base.lproj/LaunchScreen.storyboard; sourceTree = "<group>"; };
		00AE67C71C3A4A1B002F9085 /* Info.plist */ = {isa = PBXFileReference; lastKnownFileType = text.plist.xml; path = Info.plist; sourceTree = "<group>"; };
		00AE67CC1C3A4A1B002F9085 /* MobilePhoneSchoolTests.xctest */ = {isa = PBXFileReference; explicitFileType = wrapper.cfbundle; includeInIndex = 0; path = MobilePhoneSchoolTests.xctest; sourceTree = BUILT_PRODUCTS_DIR; };
		00AE67D01C3A4A1B002F9085 /* MobilePhoneSchoolTests.m */ = {isa = PBXFileReference; lastKnownFileType = sourcecode.c.objc; path = MobilePhoneSchoolTests.m; sourceTree = "<group>"; };
		00AE67D21C3A4A1B002F9085 /* Info.plist */ = {isa = PBXFileReference; lastKnownFileType = text.plist.xml; path = Info.plist; sourceTree = "<group>"; };
		00AE67D71C3A4A1B002F9085 /* MobilePhoneSchoolUITests.xctest */ = {isa = PBXFileReference; explicitFileType = wrapper.cfbundle; includeInIndex = 0; path = MobilePhoneSchoolUITests.xctest; sourceTree = BUILT_PRODUCTS_DIR; };
		00AE67DB1C3A4A1B002F9085 /* MobilePhoneSchoolUITests.m */ = {isa = PBXFileReference; lastKnownFileType = sourcecode.c.objc; path = MobilePhoneSchoolUITests.m; sourceTree = "<group>"; };
		00AE67DD1C3A4A1B002F9085 /* Info.plist */ = {isa = PBXFileReference; lastKnownFileType = text.plist.xml; path = Info.plist; sourceTree = "<group>"; };
/* End PBXFileReference section */

/* Begin PBXFrameworksBuildPhase section */
		00AE67B61C3A4A1B002F9085 /* Frameworks */ = {
			isa = PBXFrameworksBuildPhase;
			buildActionMask = 2147483647;
			files = (
			);
			runOnlyForDeploymentPostprocessing = 0;
		};
		00AE67C91C3A4A1B002F9085 /* Frameworks */ = {
			isa = PBXFrameworksBuildPhase;
			buildActionMask = 2147483647;
			files = (
			);
			runOnlyForDeploymentPostprocessing = 0;
		};
		00AE67D41C3A4A1B002F9085 /* Frameworks */ = {
			isa = PBXFrameworksBuildPhase;
			buildActionMask = 2147483647;
			files = (
			);
			runOnlyForDeploymentPostprocessing = 0;
		};
/* End PBXFrameworksBuildPhase section */

/* Begin PBXGroup section */
		00AE67B01C3A4A1B002F9085 = {
			isa = PBXGroup;
			children = (
				00AE67BB1C3A4A1B002F9085 /* MobilePhoneSchool */,
				00AE67CF1C3A4A1B002F9085 /* MobilePhoneSchoolTests */,
				00AE67DA1C3A4A1B002F9085 /* MobilePhoneSchoolUITests */,
				00AE67BA1C3A4A1B002F9085 /* Products */,
			);
			sourceTree = "<group>";
		};
		00AE67BA1C3A4A1B002F9085 /* Products */ = {
			isa = PBXGroup;
			children = (
				00AE67B91C3A4A1B002F9085 /* MobilePhoneSchool.app */,
				00AE67CC1C3A4A1B002F9085 /* MobilePhoneSchoolTests.xctest */,
				00AE67D71C3A4A1B002F9085 /* MobilePhoneSchoolUITests.xctest */,
			);
			name = Products;
			sourceTree = "<group>";
		};
		00AE67BB1C3A4A1B002F9085 /* MobilePhoneSchool */ = {
			isa = PBXGroup;
			children = (
				00AE67BF1C3A4A1B002F9085 /* AppDelegate.h */,
				00AE67C01C3A4A1B002F9085 /* AppDelegate.m */,
				00AE67C21C3A4A1B002F9085 /* Assets.xcassets */,
				00AE67C41C3A4A1B002F9085 /* LaunchScreen.storyboard */,
				00AE67C71C3A4A1B002F9085 /* Info.plist */,
				00AE67BC1C3A4A1B002F9085 /* Supporting Files */,
			);
			path = MobilePhoneSchool;
			sourceTree = "<group>";
		};
		00AE67BC1C3A4A1B002F9085 /* Supporting Files */ = {
			isa = PBXGroup;
			children = (
				00AE67BD1C3A4A1B002F9085 /* main.m */,
			);
			name = "Supporting Files";
			sourceTree = "<group>";
		};
		00AE67CF1C3A4A1B002F9085 /* MobilePhoneSchoolTests */ = {
			isa = PBXGroup;
			children = (
				00AE67D01C3A4A1B002F9085 /* MobilePhoneSchoolTests.m */,
				00AE67D21C3A4A1B002F9085 /* Info.plist */,
			);
			path = MobilePhoneSchoolTests;
			sourceTree = "<group>";
		};
		00AE67DA1C3A4A1B002F9085 /* MobilePhoneSchoolUITests */ = {
			isa = PBXGroup;
			children = (
				00AE67DB1C3A4A1B002F9085 /* MobilePhoneSchoolUITests.m */,
				00AE67DD1C3A4A1B002F9085 /* Info.plist */,
			);
			path = MobilePhoneSchoolUITests;
			sourceTree = "<group>";
		};
/* End PBXGroup section */

/* Begin PBXNativeTarget section */
		00AE67B81C3A4A1B002F9085 /* MobilePhoneSchool */ = {
			isa = PBXNativeTarget;
			buildConfigurationList = 00AE67E01C3A4A1B002F9085 /* Build configuration list for PBXNativeTarget "MobilePhoneSchool" */;
			buildPhases = (
				00AE67B51C3A4A1B002F9085 /* Sources */,
				00AE67B61C3A4A1B002F9085 /* Frameworks */,
				00AE67B71C3A4A1B002F9085 /* Resources */,
			);
			buildRules = (
			);
			dependencies = (
			);
			name = MobilePhoneSchool;
			productName = MobilePhoneSchool;
			productReference = 00AE67B91C3A4A1B002F9085 /* MobilePhoneSchool.app */;
			productType = "com.apple.product-type.application";
		};
		00AE67CB1C3A4A1B002F9085 /* MobilePhoneSchoolTests */ = {
			isa = PBXNativeTarget;
			buildConfigurationList = 00AE67E31C3A4A1B002F9085 /* Build configuration list for PBXNativeTarget "MobilePhoneSchoolTests" */;
			buildPhases = (
				00AE67C81C3A4A1B002F9085 /* Sources */,
				00AE67C91C3A4A1B002F9085 /* Frameworks */,
				00AE67CA1C3A4A1B002F9085 /* Resources */,
			);
			buildRules = (
			);
			dependencies = (
				00AE67CE1C3A4A1B002F9085 /* PBXTargetDependency */,
			);
			name = MobilePhoneSchoolTests;
			productName = MobilePhoneSchoolTests;
			productReference = 00AE67CC1C3A4A1B002F9085 /* MobilePhoneSchoolTests.xctest */;
			productType = "com.apple.product-type.bundle.unit-test";
		};
		00AE67D61C3A4A1B002F9085 /* MobilePhoneSchoolUITests */ = {
			isa = PBXNativeTarget;
			buildConfigurationList = 00AE67E61C3A4A1B002F9085 /* Build configuration list for PBXNativeTarget "MobilePhoneSchoolUITests" */;
			buildPhases = (
				00AE67D31C3A4A1B002F9085 /* Sources */,
				00AE67D41C3A4A1B002F9085 /* Frameworks */,
				00AE67D51C3A4A1B002F9085 /* Resources */,
			);
			buildRules = (
			);
			dependencies = (
				00AE67D91C3A4A1B002F9085 /* PBXTargetDependency */,
			);
			name = MobilePhoneSchoolUITests;
			productName = MobilePhoneSchoolUITests;
			productReference = 00AE67D71C3A4A1B002F9085 /* MobilePhoneSchoolUITests.xctest */;
			productType = "com.apple.product-type.bundle.ui-testing";
		};
/* End PBXNativeTarget section */

/* Begin PBXProject section */
		00AE67B11C3A4A1B002F9085 /* Project object */ = {
			isa = PBXProject;
			attributes = {
				LastUpgradeCheck = 0720;
				ORGANIZATIONNAME = mobilephoneschool;
				TargetAttributes = {
					00AE67B81C3A4A1B002F9085 = {
						CreatedOnToolsVersion = 7.2;
					};
					00AE67CB1C3A4A1B002F9085 = {
						CreatedOnToolsVersion = 7.2;
						TestTargetID = 00AE67B81C3A4A1B002F9085;
					};
					00AE67D61C3A4A1B002F9085 = {
						CreatedOnToolsVersion = 7.2;
						TestTargetID = 00AE67B81C3A4A1B002F9085;
					};
				};
			};
			buildConfigurationList = 00AE67B41C3A4A1B002F9085 /* Build configuration list for PBXProject "MobilePhoneSchool" */;
			compatibilityVersion = "Xcode 3.2";
			developmentRegion = English;
			hasScannedForEncodings = 0;
			knownRegions = (
				en,
				Base,
			);
			mainGroup = 00AE67B01C3A4A1B002F9085;
			productRefGroup = 00AE67BA1C3A4A1B002F9085 /* Products */;
			projectDirPath = "";
			projectRoot = "";
			targets = (
				00AE67B81C3A4A1B002F9085 /* MobilePhoneSchool */,
				00AE67CB1C3A4A1B002F9085 /* MobilePhoneSchoolTests */,
				00AE67D61C3A4A1B002F9085 /* MobilePhoneSchoolUITests */,
			);
		};
/* End PBXProject section */

/* Begin PBXResourcesBuildPhase section */
		00AE67B71C3A4A1B002F9085 /* Resources */ = {
			isa = PBXResourcesBuildPhase;
			buildActionMask = 2147483647;
			files = (
				00AE67C31C3A4A1B002F9085 /* Assets.xcassets in Resources */,
				00AE67C61C3A4A1B002F9085 /* LaunchScreen.storyboard in Resources */,
			);
			runOnlyForDeploymentPostprocessing = 0;
		};
		00AE67CA1C3A4A1B002F9085 /* Resources */ = {
			isa = PBXResourcesBuildPhase;
			buildActionMask = 2147483647;
			files = (
			);
			runOnlyForDeploymentPostprocessing = 0;
		};
		00AE67D51C3A4A1B002F9085 /* Resources */ = {
			isa = PBXResourcesBuildPhase;
			buildActionMask = 2147483647;
			files = (
			);
			runOnlyForDeploymentPostprocessing = 0;
		};
/* End PBXResourcesBuildPhase section */

/* Begin PBXSourcesBuildPhase section */
		00AE67B51C3A4A1B002F9085 /* Sources */ = {
			isa = PBXSourcesBuildPhase;
			buildActionMask = 2147483647;
			files = (
				00AE67C11C3A4A1B002F9085 /* AppDelegate.m in Sources */,
				00AE67BE1C3A4A1B002F9085 /* main.m in Sources */,
			);
			runOnlyForDeploymentPostprocessing = 0;
		};
		00AE67C81C3A4A1B002F9085 /* Sources */ = {
			isa = PBXSourcesBuildPhase;
			buildActionMask = 2147483647;
			files = (
				00AE67D11C3A4A1B002F9085 /* MobilePhoneSchoolTests.m in Sources */,
			);
			runOnlyForDeploymentPostprocessing = 0;
		};
		00AE67D31C3A4A1B002F9085 /* Sources */ = {
			isa = PBXSourcesBuildPhase;
			buildActionMask = 2147483647;
			files = (
				00AE67DC1C3A4A1B002F9085 /* MobilePhoneSchoolUITests.m in Sources */,
			);
			runOnlyForDeploymentPostprocessing = 0;
		};
/* End PBXSourcesBuildPhase section */

/* Begin PBXTargetDependency section */
		00AE67CE1C3A4A1B002F9085 /* PBXTargetDependency */ = {
			isa = PBXTargetDependency;
			target = 00AE67B81C3A4A1B002F9085 /* MobilePhoneSchool */;
			targetProxy = 00AE67CD1C3A4A1B002F9085 /* PBXContainerItemProxy */;
		};
		00AE67D91C3A4A1B002F9085 /* PBXTargetDependency */ = {
			isa = PBXTargetDependency;
			target = 00AE67B81C3A4A1B002F9085 /* MobilePhoneSchool */;
			targetProxy = 00AE67D81C3A4A1B002F9085 /* PBXContainerItemProxy */;
		};
/* End PBXTargetDependency section */

/* Begin PBXVariantGroup section */
		00AE67C41C3A4A1B002F9085 /* LaunchScreen.storyboard */ = {
			isa = PBXVariantGroup;
			children = (
				00AE67C51C3A4A1B002F9085 /* Base */,
			);
			name = LaunchScreen.storyboard;
			sourceTree = "<group>";
		};
/* End PBXVariantGroup section */

/* Begin XCBuildConfiguration section */
		00AE67DE1C3A4A1B002F9085 /* Debug */ = {
			isa = XCBuildConfiguration;
			buildSettings = {
				ALWAYS_SEARCH_USER_PATHS = NO;
				CLANG_CXX_LANGUAGE_STANDARD = "gnu++0x";
				CLANG_CXX_LIBRARY = "libc++";
				CLANG_ENABLE_MODULES = YES;
				CLANG_ENABLE_OBJC_ARC = YES;
				CLANG_WARN_BOOL_CONVERSION = YES;
				CLANG_WARN_CONSTANT_CONVERSION = YES;
				CLANG_WARN_DIRECT_OBJC_ISA_USAGE = YES_ERROR;
				CLANG_WARN_EMPTY_BODY = YES;
				CLANG_WARN_ENUM_CONVERSION = YES;
				CLANG_WARN_INT_CONVERSION = YES;
				CLANG_WARN_OBJC_ROOT_CLASS = YES_ERROR;
				CLANG_WARN_UNREACHABLE_CODE = YES;
				CLANG_WARN__DUPLICATE_METHOD_MATCH = YES;
				"CODE_SIGN_IDENTITY[sdk=iphoneos*]" = "iPhone Developer";
				COPY_PHASE_STRIP = NO;
				DEBUG_INFORMATION_FORMAT = dwarf;
				ENABLE_STRICT_OBJC_MSGSEND = YES;
				ENABLE_TESTABILITY = YES;
				GCC_C_LANGUAGE_STANDARD = gnu99;
				GCC_DYNAMIC_NO_PIC = NO;
				GCC_NO_COMMON_BLOCKS = YES;
				GCC_OPTIMIZATION_LEVEL = 0;
				GCC_PREPROCESSOR_DEFINITIONS = (
					"DEBUG=1",
					"$(inherited)",
				);
				GCC_WARN_64_TO_32_BIT_CONVERSION = YES;
				GCC_WARN_ABOUT_RETURN_TYPE = YES_ERROR;
				GCC_WARN_UNDECLARED_SELECTOR = YES;
				GCC_WARN_UNINITIALIZED_AUTOS = YES_AGGRESSIVE;
				GCC_WARN_UNUSED_FUNCTION = YES;
				GCC_WARN_UNUSED_VARIABLE = YES;
				IPHONEOS_DEPLOYMENT_TARGET = 9.2;
				MTL_ENABLE_DEBUG_INFO = YES;
				ONLY_ACTIVE_ARCH = YES;
				SDKROOT = iphoneos;
			};
			name = Debug;
		};
		00AE67DF1C3A4A1B002F9085 /* Release */ = {
			isa = XCBuildConfiguration;
			buildSettings = {
				ALWAYS_SEARCH_USER_PATHS = NO;
				CLANG_CXX_LANGUAGE_STANDARD = "gnu++0x";
				CLANG_CXX_LIBRARY = "libc++";
				CLANG_ENABLE_MODULES = YES;
				CLANG_ENABLE_OBJC_ARC = YES;
				CLANG_WARN_BOOL_CONVERSION = YES;
				CLANG_WARN_CONSTANT_CONVERSION = YES;
				CLANG_WARN_DIRECT_OBJC_ISA_USAGE = YES_ERROR;
				CLANG_WARN_EMPTY_BODY = YES;
				CLANG_WARN_ENUM_CONVERSION = YES;
				CLANG_WARN_INT_CONVERSION = YES;
				CLANG_WARN_OBJC_ROOT_CLASS = YES_ERROR;
				CLANG_WARN_UNREACHABLE_CODE = YES;
				CLANG_WARN__DUPLICATE_METHOD_MATCH = YES;
				"CODE_SIGN_IDENTITY[sdk=iphoneos*]" = "iPhone Developer";
				COPY_PHASE_STRIP = NO;
				DEBUG_INFORMATION_FORMAT = "dwarf-with-dsym";
				ENABLE_NS_ASSERTIONS = NO;
				ENABLE_STRICT_OBJC_MSGSEND = YES;
				GCC_C_LANGUAGE_STANDARD = gnu99;
				GCC_NO_COMMON_BLOCKS = YES;
				GCC_WARN_64_TO_32_BIT_CONVERSION = YES;
				GCC_WARN_ABOUT_RETURN_TYPE = YES_ERROR;
				GCC_WARN_UNDECLARED_SELECTOR = YES;
				GCC_WARN_UNINITIALIZED_AUTOS = YES_AGGRESSIVE;
				GCC_WARN_UNUSED_FUNCTION = YES;
				GCC_WARN_UNUSED_VARIABLE = YES;
				IPHONEOS_DEPLOYMENT_TARGET = 9.2;
				MTL_ENABLE_DEBUG_INFO = NO;
				SDKROOT = iphoneos;
				VALIDATE_PRODUCT = YES;
			};
			name = Release;
		};
		00AE67E11C3A4A1B002F9085 /* Debug */ = {
			isa = XCBuildConfiguration;
			buildSettings = {
				ASSETCATALOG_COMPILER_APPICON_NAME = AppIcon;
				INFOPLIST_FILE = MobilePhoneSchool/Info.plist;
				LD_RUNPATH_SEARCH_PATHS = "$(inherited) @executable_path/Frameworks";
				PRODUCT_BUNDLE_IDENTIFIER = com.mps.school.MobilePhoneSchool;
				PRODUCT_NAME = "$(TARGET_NAME)";
			};
			name = Debug;
		};
		00AE67E21C3A4A1B002F9085 /* Release */ = {
			isa = XCBuildConfiguration;
			buildSettings = {
				ASSETCATALOG_COMPILER_APPICON_NAME = AppIcon;
				INFOPLIST_FILE = MobilePhoneSchool/Info.plist;
				LD_RUNPATH_SEARCH_PATHS = "$(inherited) @executable_path/Frameworks";
				PRODUCT_BUNDLE_IDENTIFIER = com.mps.school.MobilePhoneSchool;
				PRODUCT_NAME = "$(TARGET_NAME)";
			};
			name = Release;
		};
		00AE67E41C3A4A1B002F9085 /* Debug */ = {
			isa = XCBuildConfiguration;
			buildSettings = {
				BUNDLE_LOADER = "$(TEST_HOST)";
				INFOPLIST_FILE = MobilePhoneSchoolTests/Info.plist;
				LD_RUNPATH_SEARCH_PATHS = "$(inherited) @executable_path/Frameworks @loader_path/Frameworks";
				PRODUCT_BUNDLE_IDENTIFIER = com.mps.school.MobilePhoneSchoolTests;
				PRODUCT_NAME = "$(TARGET_NAME)";
				TEST_HOST = "$(BUILT_PRODUCTS_DIR)/MobilePhoneSchool.app/MobilePhoneSchool";
			};
			name = Debug;
		};
		00AE67E51C3A4A1B002F9085 /* Release */ = {
			isa = XCBuildConfiguration;
			buildSettings = {
				BUNDLE_LOADER = "$(TEST_HOST)";
				INFOPLIST_FILE = MobilePhoneSchoolTests/Info.plist;
				LD_RUNPATH_SEARCH_PATHS = "$(inherited) @executable_path/Frameworks @loader_path/Frameworks";
				PRODUCT_BUNDLE_IDENTIFIER = com.mps.school.MobilePhoneSchoolTests;
				PRODUCT_NAME = "$(TARGET_NAME)";
				TEST_HOST = "$(BUILT_PRODUCTS_DIR)/MobilePhoneSchool.app/MobilePhoneSchool";
			};
			name = Release;
		};
		00AE67E71C3A4A1B002F9085 /* Debug */ = {
			isa = XCBuildConfiguration;
			buildSettings = {
				INFOPLIST_FILE = MobilePhoneSchoolUITests/Info.plist;
				LD_RUNPATH_SEARCH_PATHS = "$(inherited) @executable_path/Frameworks @loader_path/Frameworks";
				PRODUCT_BUNDLE_IDENTIFIER = com.mps.school.MobilePhoneSchoolUITests;
				PRODUCT_NAME = "$(TARGET_NAME)";
				TEST_TARGET_NAME = MobilePhoneSchool;
				USES_XCTRUNNER = YES;
			};
			name = Debug;
		};
		00AE67E81C3A4A1B002F9085 /* Release */ = {
			isa = XCBuildConfiguration;
			buildSettings = {
				INFOPLIST_FILE = MobilePhoneSchoolUITests/Info.plist;
				LD_RUNPATH_SEARCH_PATHS = "$(inherited) @executable_path/Frameworks @loader_path/Frameworks";
				PRODUCT_BUNDLE_IDENTIFIER = com.mps.school.MobilePhoneSchoolUITests;
				PRODUCT_NAME = "$(TARGET_NAME)";
				TEST_TARGET_NAME = MobilePhoneSchool;
				USES_XCTRUNNER = YES;
			};
			name = Release;
		};
/* End XCBuildConfiguration section */

/* Begin XCConfigurationList section */
		00AE67B41C3A4A1B002F9085 /* Build configuration list for PBXProject "MobilePhoneSchool" */ = {
			isa = XCConfigurationList;
			buildConfigurations = (
				00AE67DE1C3A4A1B002F9085 /* Debug */,
				00AE67DF1C3A4A1B002F9085 /* Release */,
			);
			defaultConfigurationIsVisible = 0;
			defaultConfigurationName = Release;
		};
		00AE67E01C3A4A1B002F9085 /* Build configuration list for PBXNativeTarget "MobilePhoneSchool" */ = {
			isa = XCConfigurationList;
			buildConfigurations = (
				00AE67E11C3A4A1B002F9085 /* Debug */,
				00AE67E21C3A4A1B002F9085 /* Release */,
			);
			defaultConfigurationIsVisible = 0;
		};
		00AE67E31C3A4A1B002F9085 /* Build configuration list for PBXNativeTarget "MobilePhoneSchoolTests" */ = {
			isa = XCConfigurationList;
			buildConfigurations = (
				00AE67E41C3A4A1B002F9085 /* Debug */,
				00AE67E51C3A4A1B002F9085 /* Release */,
			);
			defaultConfigurationIsVisible = 0;
		};
		00AE67E61C3A4A1B002F9085 /* Build configuration list for PBXNativeTarget "MobilePhoneSchoolUITests" */ = {
			isa = XCConfigurationList;
			buildConfigurations = (
				00AE67E71C3A4A1B002F9085 /* Debug */,
				00AE67E81C3A4A1B002F9085 /* Release */,
			);
			defaultConfigurationIsVisible = 0;
		};
/* End XCConfigurationList section */
	};
	rootObject = 00AE67B11C3A4A1B002F9085 /* Project object */;
}
